// !$*UTF8*$!
{
	archiveVersion = 1;
	classes = {
	};
	objectVersion = 51;
	objects = {

/* Begin PBXBuildFile section */
		0500DBD12664D98B0098A9AB /* FitCoreData.xcdatamodeld in Sources */ = {isa = PBXBuildFile; fileRef = 0500DBCF2664D98B0098A9AB /* FitCoreData.xcdatamodeld */; };
		050FA6B72643FF2400917965 /* GoogleService-Info.plist in Resources */ = {isa = PBXBuildFile; fileRef = 050FA6B62643FF2400917965 /* GoogleService-Info.plist */; };
		050FA6CE264443C000917965 /* Constants.swift in Sources */ = {isa = PBXBuildFile; fileRef = 050FA6CD264443C000917965 /* Constants.swift */; };
		053BA2D826726FD500FAED02 /* MealTableViewCell.swift in Sources */ = {isa = PBXBuildFile; fileRef = 053BA2D726726FD500FAED02 /* MealTableViewCell.swift */; };
		053BA2DA267270EB00FAED02 /* MealViewController.swift in Sources */ = {isa = PBXBuildFile; fileRef = 053BA2D9267270EB00FAED02 /* MealViewController.swift */; };
		053BA2DC2672711200FAED02 /* MealDetailViewController.swift in Sources */ = {isa = PBXBuildFile; fileRef = 053BA2DB2672711200FAED02 /* MealDetailViewController.swift */; };
		053BA2DE2672714C00FAED02 /* SearchController.swift in Sources */ = {isa = PBXBuildFile; fileRef = 053BA2DD2672714C00FAED02 /* SearchController.swift */; };
		053BA2E0267271A000FAED02 /* MealDataModel.swift in Sources */ = {isa = PBXBuildFile; fileRef = 053BA2DF267271A000FAED02 /* MealDataModel.swift */; };
		057AA64D2689F9F90046F7CD /* AllPhotosViewController.swift in Sources */ = {isa = PBXBuildFile; fileRef = 057AA64C2689F9F90046F7CD /* AllPhotosViewController.swift */; };
		057AA64F2689FA000046F7CD /* AddNewViewController.swift in Sources */ = {isa = PBXBuildFile; fileRef = 057AA64E2689FA000046F7CD /* AddNewViewController.swift */; };
		057AA6512689FA080046F7CD /* PhotoPreviewViewController.swift in Sources */ = {isa = PBXBuildFile; fileRef = 057AA6502689FA080046F7CD /* PhotoPreviewViewController.swift */; };
		057AA6532689FA0F0046F7CD /* UpdatePhotoViewController.swift in Sources */ = {isa = PBXBuildFile; fileRef = 057AA6522689FA0F0046F7CD /* UpdatePhotoViewController.swift */; };
		057AA667268A17540046F7CD /* DateFormatterService.swift in Sources */ = {isa = PBXBuildFile; fileRef = 057AA663268A17530046F7CD /* DateFormatterService.swift */; };
		057AA668268A17540046F7CD /* CoreDataService.swift in Sources */ = {isa = PBXBuildFile; fileRef = 057AA664268A17530046F7CD /* CoreDataService.swift */; };
		057AA669268A17540046F7CD /* FileManagerService.swift in Sources */ = {isa = PBXBuildFile; fileRef = 057AA665268A17530046F7CD /* FileManagerService.swift */; };
		057AA66A268A17540046F7CD /* AudioService.swift in Sources */ = {isa = PBXBuildFile; fileRef = 057AA666268A17530046F7CD /* AudioService.swift */; };
		057AA670268A179E0046F7CD /* BottomCardViewController.xib in Resources */ = {isa = PBXBuildFile; fileRef = 057AA66F268A179E0046F7CD /* BottomCardViewController.xib */; };
		057AA677268A17BD0046F7CD /* PhotoPreviewCollectionViewCell.swift in Sources */ = {isa = PBXBuildFile; fileRef = 057AA672268A17BD0046F7CD /* PhotoPreviewCollectionViewCell.swift */; };
		057AA679268A17BD0046F7CD /* AlbumCollectionViewCell.swift in Sources */ = {isa = PBXBuildFile; fileRef = 057AA674268A17BD0046F7CD /* AlbumCollectionViewCell.swift */; };
		057AA67A268A17BD0046F7CD /* ImageCollectionViewCell.swift in Sources */ = {isa = PBXBuildFile; fileRef = 057AA675268A17BD0046F7CD /* ImageCollectionViewCell.swift */; };
		057AA67B268A17BD0046F7CD /* DetailCollectionViewCell.swift in Sources */ = {isa = PBXBuildFile; fileRef = 057AA676268A17BD0046F7CD /* DetailCollectionViewCell.swift */; };
		057AA67D268A17DC0046F7CD /* BottomCardViewController.swift in Sources */ = {isa = PBXBuildFile; fileRef = 057AA67C268A17DB0046F7CD /* BottomCardViewController.swift */; };
		057AA67F268A183E0046F7CD /* Adventure+CoreDataClass.swift in Sources */ = {isa = PBXBuildFile; fileRef = 057AA67E268A183E0046F7CD /* Adventure+CoreDataClass.swift */; };
		057AA681268A18430046F7CD /* Album+CoreDataClass.swift in Sources */ = {isa = PBXBuildFile; fileRef = 057AA680268A18430046F7CD /* Album+CoreDataClass.swift */; };
		057AA683268A18580046F7CD /* Mode.swift in Sources */ = {isa = PBXBuildFile; fileRef = 057AA682268A18580046F7CD /* Mode.swift */; };
		057AA688268B2F070046F7CD /* AlertDisplayer.swift in Sources */ = {isa = PBXBuildFile; fileRef = 057AA687268B2F070046F7CD /* AlertDisplayer.swift */; };
		057AA68E268DBBD90046F7CD /* PhotoPreview.storyboard in Resources */ = {isa = PBXBuildFile; fileRef = 057AA68D268DBBD90046F7CD /* PhotoPreview.storyboard */; };
		0593B2AF267E1DF80079E89C /* TimerViewController.swift in Sources */ = {isa = PBXBuildFile; fileRef = 0593B2AE267E1DF80079E89C /* TimerViewController.swift */; };
		05946CDB2677EB3D00A06D19 /* WeightController.swift in Sources */ = {isa = PBXBuildFile; fileRef = 05946CDA2677EB3D00A06D19 /* WeightController.swift */; };
		05946CDD2677EB9D00A06D19 /* ViewControllerTableViewCell.swift in Sources */ = {isa = PBXBuildFile; fileRef = 05946CDC2677EB9D00A06D19 /* ViewControllerTableViewCell.swift */; };
		05946CDF2677EBE100A06D19 /* AddWeightViewController.swift in Sources */ = {isa = PBXBuildFile; fileRef = 05946CDE2677EBE100A06D19 /* AddWeightViewController.swift */; };
		05946CE12678D5F300A06D19 /* Avg.swift in Sources */ = {isa = PBXBuildFile; fileRef = 05946CE02678D5F300A06D19 /* Avg.swift */; };
		05B883D626595B5000FE6CCC /* RoundButton.swift in Sources */ = {isa = PBXBuildFile; fileRef = 05B883D526595B4F00FE6CCC /* RoundButton.swift */; };
		05DBC0A82662806100752B23 /* NoteDetailVC.swift in Sources */ = {isa = PBXBuildFile; fileRef = 05DBC0A72662806100752B23 /* NoteDetailVC.swift */; };
		05DBC0AA2662809C00752B23 /* NoteCell.swift in Sources */ = {isa = PBXBuildFile; fileRef = 05DBC0A92662809C00752B23 /* NoteCell.swift */; };
		05DBC0AC266280D600752B23 /* NoteTableView.swift in Sources */ = {isa = PBXBuildFile; fileRef = 05DBC0AB266280D600752B23 /* NoteTableView.swift */; };
		05DBC0AE266291A700752B23 /* Note.swift in Sources */ = {isa = PBXBuildFile; fileRef = 05DBC0AD266291A700752B23 /* Note.swift */; };
		05ECFFA2264E24D5009F58CE /* DietController.swift in Sources */ = {isa = PBXBuildFile; fileRef = 05ECFFA1264E24D5009F58CE /* DietController.swift */; };
		05F54030265D2A370041E6FC /* TrainingController.swift in Sources */ = {isa = PBXBuildFile; fileRef = 05F5402F265D2A370041E6FC /* TrainingController.swift */; };
		0625FC0CB9674AFF49F8F7DA /* Pods_Fit.framework in Frameworks */ = {isa = PBXBuildFile; fileRef = 65C3E461F8CA8D2B28A4701B /* Pods_Fit.framework */; };
		2A16E491263575AF00CA6E0C /* TabBarScene.swift in Sources */ = {isa = PBXBuildFile; fileRef = 2A16E490263575AF00CA6E0C /* TabBarScene.swift */; };
		2A364870263233F90035D694 /* LogInView.swift in Sources */ = {isa = PBXBuildFile; fileRef = 2A36486F263233F90035D694 /* LogInView.swift */; };
		2A364873263237680035D694 /* RegisterView.swift in Sources */ = {isa = PBXBuildFile; fileRef = 2A364872263237680035D694 /* RegisterView.swift */; };
		2ADA7535262A3A3A00A41AC1 /* AppDelegate.swift in Sources */ = {isa = PBXBuildFile; fileRef = 2ADA7534262A3A3A00A41AC1 /* AppDelegate.swift */; };
		2ADA7537262A3A3A00A41AC1 /* SceneDelegate.swift in Sources */ = {isa = PBXBuildFile; fileRef = 2ADA7536262A3A3A00A41AC1 /* SceneDelegate.swift */; };
		2ADA7539262A3A3A00A41AC1 /* WelcomeView.swift in Sources */ = {isa = PBXBuildFile; fileRef = 2ADA7538262A3A3A00A41AC1 /* WelcomeView.swift */; };
		2ADA753C262A3A3A00A41AC1 /* Main.storyboard in Resources */ = {isa = PBXBuildFile; fileRef = 2ADA753A262A3A3A00A41AC1 /* Main.storyboard */; };
		2ADA753E262A3A3C00A41AC1 /* Assets.xcassets in Resources */ = {isa = PBXBuildFile; fileRef = 2ADA753D262A3A3C00A41AC1 /* Assets.xcassets */; };
		2ADA7541262A3A3C00A41AC1 /* LaunchScreen.storyboard in Resources */ = {isa = PBXBuildFile; fileRef = 2ADA753F262A3A3C00A41AC1 /* LaunchScreen.storyboard */; };
		765CB89A26A9679600BDE8C3 /* AlbumTableViewCell.swift in Sources */ = {isa = PBXBuildFile; fileRef = 765CB89926A9679600BDE8C3 /* AlbumTableViewCell.swift */; };
		765CB8A426A96E5200BDE8C3 /* Screenshot 2021-07-22 at 13.03.46.png in Resources */ = {isa = PBXBuildFile; fileRef = 765CB89C26A96E5100BDE8C3 /* Screenshot 2021-07-22 at 13.03.46.png */; };
		765CB8A526A96E5200BDE8C3 /* Screenshot 2021-07-22 at 13.02.52.png in Resources */ = {isa = PBXBuildFile; fileRef = 765CB89D26A96E5100BDE8C3 /* Screenshot 2021-07-22 at 13.02.52.png */; };
		765CB8A626A96E5200BDE8C3 /* Screenshot 2021-07-22 at 13.03.19.png in Resources */ = {isa = PBXBuildFile; fileRef = 765CB89E26A96E5100BDE8C3 /* Screenshot 2021-07-22 at 13.03.19.png */; };
		765CB8A726A96E5200BDE8C3 /* Screenshot 2021-07-22 at 13.03.54.png in Resources */ = {isa = PBXBuildFile; fileRef = 765CB89F26A96E5100BDE8C3 /* Screenshot 2021-07-22 at 13.03.54.png */; };
		765CB8A826A96E5200BDE8C3 /* Screenshot 2021-07-22 at 13.02.57.png in Resources */ = {isa = PBXBuildFile; fileRef = 765CB8A026A96E5200BDE8C3 /* Screenshot 2021-07-22 at 13.02.57.png */; };
		765CB8A926A96E5200BDE8C3 /* Screenshot 2021-07-22 at 13.02.45.png in Resources */ = {isa = PBXBuildFile; fileRef = 765CB8A126A96E5200BDE8C3 /* Screenshot 2021-07-22 at 13.02.45.png */; };
		765CB8AA26A96E5200BDE8C3 /* Screenshot 2021-07-22 at 13.03.26.png in Resources */ = {isa = PBXBuildFile; fileRef = 765CB8A226A96E5200BDE8C3 /* Screenshot 2021-07-22 at 13.03.26.png */; };
		765CB8AB26A96E5200BDE8C3 /* Screenshot 2021-07-22 at 13.03.13.png in Resources */ = {isa = PBXBuildFile; fileRef = 765CB8A326A96E5200BDE8C3 /* Screenshot 2021-07-22 at 13.03.13.png */; };
		765CB8B126A96E5B00BDE8C3 /* Screenshot 2021-07-22 at 13.04.37.png in Resources */ = {isa = PBXBuildFile; fileRef = 765CB8AC26A96E5A00BDE8C3 /* Screenshot 2021-07-22 at 13.04.37.png */; };
		765CB8B226A96E5B00BDE8C3 /* Screenshot 2021-07-22 at 13.04.42.png in Resources */ = {isa = PBXBuildFile; fileRef = 765CB8AD26A96E5A00BDE8C3 /* Screenshot 2021-07-22 at 13.04.42.png */; };
		765CB8B326A96E5B00BDE8C3 /* Screenshot 2021-07-22 at 13.04.29.png in Resources */ = {isa = PBXBuildFile; fileRef = 765CB8AE26A96E5A00BDE8C3 /* Screenshot 2021-07-22 at 13.04.29.png */; };
		765CB8B426A96E5B00BDE8C3 /* Screenshot 2021-07-22 at 13.05.27.png in Resources */ = {isa = PBXBuildFile; fileRef = 765CB8AF26A96E5B00BDE8C3 /* Screenshot 2021-07-22 at 13.05.27.png */; };
		765CB8B526A96E5B00BDE8C3 /* Screenshot 2021-07-22 at 13.04.48.png in Resources */ = {isa = PBXBuildFile; fileRef = 765CB8B026A96E5B00BDE8C3 /* Screenshot 2021-07-22 at 13.04.48.png */; };
		765CB8B726A96E6000BDE8C3 /* Screenshot 2021-07-22 at 12.50.13.png in Resources */ = {isa = PBXBuildFile; fileRef = 765CB8B626A96E6000BDE8C3 /* Screenshot 2021-07-22 at 12.50.13.png */; };
/* End PBXBuildFile section */

/* Begin PBXFileReference section */
		0500DBD02664D98B0098A9AB /* Note.xcdatamodel */ = {isa = PBXFileReference; lastKnownFileType = wrapper.xcdatamodel; path = Note.xcdatamodel; sourceTree = "<group>"; };
		050FA6B62643FF2400917965 /* GoogleService-Info.plist */ = {isa = PBXFileReference; fileEncoding = 4; lastKnownFileType = text.plist.xml; path = "GoogleService-Info.plist"; sourceTree = "<group>"; };
		050FA6CD264443C000917965 /* Constants.swift */ = {isa = PBXFileReference; lastKnownFileType = sourcecode.swift; name = Constants.swift; path = ../Constants.swift; sourceTree = "<group>"; };
		053BA2D726726FD500FAED02 /* MealTableViewCell.swift */ = {isa = PBXFileReference; lastKnownFileType = sourcecode.swift; path = MealTableViewCell.swift; sourceTree = "<group>"; };
		053BA2D9267270EB00FAED02 /* MealViewController.swift */ = {isa = PBXFileReference; lastKnownFileType = sourcecode.swift; path = MealViewController.swift; sourceTree = "<group>"; };
		053BA2DB2672711200FAED02 /* MealDetailViewController.swift */ = {isa = PBXFileReference; lastKnownFileType = sourcecode.swift; path = MealDetailViewController.swift; sourceTree = "<group>"; };
		053BA2DD2672714C00FAED02 /* SearchController.swift */ = {isa = PBXFileReference; lastKnownFileType = sourcecode.swift; path = SearchController.swift; sourceTree = "<group>"; };
		053BA2DF267271A000FAED02 /* MealDataModel.swift */ = {isa = PBXFileReference; lastKnownFileType = sourcecode.swift; path = MealDataModel.swift; sourceTree = "<group>"; };
		057AA64C2689F9F90046F7CD /* AllPhotosViewController.swift */ = {isa = PBXFileReference; fileEncoding = 4; lastKnownFileType = sourcecode.swift; path = AllPhotosViewController.swift; sourceTree = "<group>"; };
		057AA64E2689FA000046F7CD /* AddNewViewController.swift */ = {isa = PBXFileReference; fileEncoding = 4; lastKnownFileType = sourcecode.swift; path = AddNewViewController.swift; sourceTree = "<group>"; };
		057AA6502689FA080046F7CD /* PhotoPreviewViewController.swift */ = {isa = PBXFileReference; fileEncoding = 4; lastKnownFileType = sourcecode.swift; path = PhotoPreviewViewController.swift; sourceTree = "<group>"; };
		057AA6522689FA0F0046F7CD /* UpdatePhotoViewController.swift */ = {isa = PBXFileReference; fileEncoding = 4; lastKnownFileType = sourcecode.swift; path = UpdatePhotoViewController.swift; sourceTree = "<group>"; };
		057AA663268A17530046F7CD /* DateFormatterService.swift */ = {isa = PBXFileReference; fileEncoding = 4; lastKnownFileType = sourcecode.swift; path = DateFormatterService.swift; sourceTree = "<group>"; };
		057AA664268A17530046F7CD /* CoreDataService.swift */ = {isa = PBXFileReference; fileEncoding = 4; lastKnownFileType = sourcecode.swift; path = CoreDataService.swift; sourceTree = "<group>"; };
		057AA665268A17530046F7CD /* FileManagerService.swift */ = {isa = PBXFileReference; fileEncoding = 4; lastKnownFileType = sourcecode.swift; path = FileManagerService.swift; sourceTree = "<group>"; };
		057AA666268A17530046F7CD /* AudioService.swift */ = {isa = PBXFileReference; fileEncoding = 4; lastKnownFileType = sourcecode.swift; path = AudioService.swift; sourceTree = "<group>"; };
		057AA66F268A179E0046F7CD /* BottomCardViewController.xib */ = {isa = PBXFileReference; fileEncoding = 4; lastKnownFileType = file.xib; path = BottomCardViewController.xib; sourceTree = "<group>"; };
		057AA672268A17BD0046F7CD /* PhotoPreviewCollectionViewCell.swift */ = {isa = PBXFileReference; fileEncoding = 4; lastKnownFileType = sourcecode.swift; path = PhotoPreviewCollectionViewCell.swift; sourceTree = "<group>"; };
		057AA674268A17BD0046F7CD /* AlbumCollectionViewCell.swift */ = {isa = PBXFileReference; fileEncoding = 4; lastKnownFileType = sourcecode.swift; path = AlbumCollectionViewCell.swift; sourceTree = "<group>"; };
		057AA675268A17BD0046F7CD /* ImageCollectionViewCell.swift */ = {isa = PBXFileReference; fileEncoding = 4; lastKnownFileType = sourcecode.swift; path = ImageCollectionViewCell.swift; sourceTree = "<group>"; };
		057AA676268A17BD0046F7CD /* DetailCollectionViewCell.swift */ = {isa = PBXFileReference; fileEncoding = 4; lastKnownFileType = sourcecode.swift; path = DetailCollectionViewCell.swift; sourceTree = "<group>"; };
		057AA67C268A17DB0046F7CD /* BottomCardViewController.swift */ = {isa = PBXFileReference; fileEncoding = 4; lastKnownFileType = sourcecode.swift; path = BottomCardViewController.swift; sourceTree = "<group>"; };
		057AA67E268A183E0046F7CD /* Adventure+CoreDataClass.swift */ = {isa = PBXFileReference; fileEncoding = 4; lastKnownFileType = sourcecode.swift; path = "Adventure+CoreDataClass.swift"; sourceTree = "<group>"; };
		057AA680268A18430046F7CD /* Album+CoreDataClass.swift */ = {isa = PBXFileReference; fileEncoding = 4; lastKnownFileType = sourcecode.swift; path = "Album+CoreDataClass.swift"; sourceTree = "<group>"; };
		057AA682268A18580046F7CD /* Mode.swift */ = {isa = PBXFileReference; fileEncoding = 4; lastKnownFileType = sourcecode.swift; path = Mode.swift; sourceTree = "<group>"; };
		057AA687268B2F070046F7CD /* AlertDisplayer.swift */ = {isa = PBXFileReference; fileEncoding = 4; lastKnownFileType = sourcecode.swift; path = AlertDisplayer.swift; sourceTree = "<group>"; };
		057AA68D268DBBD90046F7CD /* PhotoPreview.storyboard */ = {isa = PBXFileReference; fileEncoding = 4; lastKnownFileType = file.storyboard; path = PhotoPreview.storyboard; sourceTree = "<group>"; };
		0593B2AE267E1DF80079E89C /* TimerViewController.swift */ = {isa = PBXFileReference; lastKnownFileType = sourcecode.swift; path = TimerViewController.swift; sourceTree = "<group>"; };
		05946CDA2677EB3D00A06D19 /* WeightController.swift */ = {isa = PBXFileReference; lastKnownFileType = sourcecode.swift; path = WeightController.swift; sourceTree = "<group>"; };
		05946CDC2677EB9D00A06D19 /* ViewControllerTableViewCell.swift */ = {isa = PBXFileReference; lastKnownFileType = sourcecode.swift; path = ViewControllerTableViewCell.swift; sourceTree = "<group>"; };
		05946CDE2677EBE100A06D19 /* AddWeightViewController.swift */ = {isa = PBXFileReference; lastKnownFileType = sourcecode.swift; path = AddWeightViewController.swift; sourceTree = "<group>"; };
		05946CE02678D5F300A06D19 /* Avg.swift */ = {isa = PBXFileReference; lastKnownFileType = sourcecode.swift; path = Avg.swift; sourceTree = "<group>"; };
		05B883D526595B4F00FE6CCC /* RoundButton.swift */ = {isa = PBXFileReference; lastKnownFileType = sourcecode.swift; path = RoundButton.swift; sourceTree = "<group>"; };
		05DBC0A72662806100752B23 /* NoteDetailVC.swift */ = {isa = PBXFileReference; lastKnownFileType = sourcecode.swift; path = NoteDetailVC.swift; sourceTree = "<group>"; };
		05DBC0A92662809C00752B23 /* NoteCell.swift */ = {isa = PBXFileReference; lastKnownFileType = sourcecode.swift; path = NoteCell.swift; sourceTree = "<group>"; };
		05DBC0AB266280D600752B23 /* NoteTableView.swift */ = {isa = PBXFileReference; lastKnownFileType = sourcecode.swift; path = NoteTableView.swift; sourceTree = "<group>"; };
		05DBC0AD266291A700752B23 /* Note.swift */ = {isa = PBXFileReference; lastKnownFileType = sourcecode.swift; path = Note.swift; sourceTree = "<group>"; };
		05ECFFA1264E24D5009F58CE /* DietController.swift */ = {isa = PBXFileReference; lastKnownFileType = sourcecode.swift; path = DietController.swift; sourceTree = "<group>"; };
		05F5402F265D2A370041E6FC /* TrainingController.swift */ = {isa = PBXFileReference; lastKnownFileType = sourcecode.swift; path = TrainingController.swift; sourceTree = "<group>"; };
		2A16E490263575AF00CA6E0C /* TabBarScene.swift */ = {isa = PBXFileReference; lastKnownFileType = sourcecode.swift; path = TabBarScene.swift; sourceTree = "<group>"; };
		2A36486F263233F90035D694 /* LogInView.swift */ = {isa = PBXFileReference; lastKnownFileType = sourcecode.swift; path = LogInView.swift; sourceTree = "<group>"; };
		2A364872263237680035D694 /* RegisterView.swift */ = {isa = PBXFileReference; lastKnownFileType = sourcecode.swift; path = RegisterView.swift; sourceTree = "<group>"; };
		2ADA7531262A3A3A00A41AC1 /* Fit.app */ = {isa = PBXFileReference; explicitFileType = wrapper.application; includeInIndex = 0; path = Fit.app; sourceTree = BUILT_PRODUCTS_DIR; };
		2ADA7534262A3A3A00A41AC1 /* AppDelegate.swift */ = {isa = PBXFileReference; lastKnownFileType = sourcecode.swift; path = AppDelegate.swift; sourceTree = "<group>"; };
		2ADA7536262A3A3A00A41AC1 /* SceneDelegate.swift */ = {isa = PBXFileReference; lastKnownFileType = sourcecode.swift; path = SceneDelegate.swift; sourceTree = "<group>"; };
		2ADA7538262A3A3A00A41AC1 /* WelcomeView.swift */ = {isa = PBXFileReference; lastKnownFileType = sourcecode.swift; path = WelcomeView.swift; sourceTree = "<group>"; };
		2ADA753B262A3A3A00A41AC1 /* Base */ = {isa = PBXFileReference; lastKnownFileType = file.storyboard; name = Base; path = Base.lproj/Main.storyboard; sourceTree = "<group>"; };
		2ADA753D262A3A3C00A41AC1 /* Assets.xcassets */ = {isa = PBXFileReference; lastKnownFileType = folder.assetcatalog; path = Assets.xcassets; sourceTree = "<group>"; };
		2ADA7540262A3A3C00A41AC1 /* Base */ = {isa = PBXFileReference; lastKnownFileType = file.storyboard; name = Base; path = Base.lproj/LaunchScreen.storyboard; sourceTree = "<group>"; };
		2ADA7542262A3A3C00A41AC1 /* Info.plist */ = {isa = PBXFileReference; lastKnownFileType = text.plist.xml; path = Info.plist; sourceTree = "<group>"; };
		58E39FC0C6B46BF2FFF03A1D /* Pods-Fit.debug.xcconfig */ = {isa = PBXFileReference; includeInIndex = 1; lastKnownFileType = text.xcconfig; name = "Pods-Fit.debug.xcconfig"; path = "Target Support Files/Pods-Fit/Pods-Fit.debug.xcconfig"; sourceTree = "<group>"; };
		65C3E461F8CA8D2B28A4701B /* Pods_Fit.framework */ = {isa = PBXFileReference; explicitFileType = wrapper.framework; includeInIndex = 0; path = Pods_Fit.framework; sourceTree = BUILT_PRODUCTS_DIR; };
		765CB89926A9679600BDE8C3 /* AlbumTableViewCell.swift */ = {isa = PBXFileReference; fileEncoding = 4; lastKnownFileType = sourcecode.swift; path = AlbumTableViewCell.swift; sourceTree = "<group>"; };
		765CB89C26A96E5100BDE8C3 /* Screenshot 2021-07-22 at 13.03.46.png */ = {isa = PBXFileReference; lastKnownFileType = image.png; path = "Screenshot 2021-07-22 at 13.03.46.png"; sourceTree = "<group>"; };
		765CB89D26A96E5100BDE8C3 /* Screenshot 2021-07-22 at 13.02.52.png */ = {isa = PBXFileReference; lastKnownFileType = image.png; path = "Screenshot 2021-07-22 at 13.02.52.png"; sourceTree = "<group>"; };
		765CB89E26A96E5100BDE8C3 /* Screenshot 2021-07-22 at 13.03.19.png */ = {isa = PBXFileReference; lastKnownFileType = image.png; path = "Screenshot 2021-07-22 at 13.03.19.png"; sourceTree = "<group>"; };
		765CB89F26A96E5100BDE8C3 /* Screenshot 2021-07-22 at 13.03.54.png */ = {isa = PBXFileReference; lastKnownFileType = image.png; path = "Screenshot 2021-07-22 at 13.03.54.png"; sourceTree = "<group>"; };
		765CB8A026A96E5200BDE8C3 /* Screenshot 2021-07-22 at 13.02.57.png */ = {isa = PBXFileReference; lastKnownFileType = image.png; path = "Screenshot 2021-07-22 at 13.02.57.png"; sourceTree = "<group>"; };
		765CB8A126A96E5200BDE8C3 /* Screenshot 2021-07-22 at 13.02.45.png */ = {isa = PBXFileReference; lastKnownFileType = image.png; path = "Screenshot 2021-07-22 at 13.02.45.png"; sourceTree = "<group>"; };
		765CB8A226A96E5200BDE8C3 /* Screenshot 2021-07-22 at 13.03.26.png */ = {isa = PBXFileReference; lastKnownFileType = image.png; path = "Screenshot 2021-07-22 at 13.03.26.png"; sourceTree = "<group>"; };
		765CB8A326A96E5200BDE8C3 /* Screenshot 2021-07-22 at 13.03.13.png */ = {isa = PBXFileReference; lastKnownFileType = image.png; path = "Screenshot 2021-07-22 at 13.03.13.png"; sourceTree = "<group>"; };
		765CB8AC26A96E5A00BDE8C3 /* Screenshot 2021-07-22 at 13.04.37.png */ = {isa = PBXFileReference; lastKnownFileType = image.png; path = "Screenshot 2021-07-22 at 13.04.37.png"; sourceTree = "<group>"; };
		765CB8AD26A96E5A00BDE8C3 /* Screenshot 2021-07-22 at 13.04.42.png */ = {isa = PBXFileReference; lastKnownFileType = image.png; path = "Screenshot 2021-07-22 at 13.04.42.png"; sourceTree = "<group>"; };
		765CB8AE26A96E5A00BDE8C3 /* Screenshot 2021-07-22 at 13.04.29.png */ = {isa = PBXFileReference; lastKnownFileType = image.png; path = "Screenshot 2021-07-22 at 13.04.29.png"; sourceTree = "<group>"; };
		765CB8AF26A96E5B00BDE8C3 /* Screenshot 2021-07-22 at 13.05.27.png */ = {isa = PBXFileReference; lastKnownFileType = image.png; path = "Screenshot 2021-07-22 at 13.05.27.png"; sourceTree = "<group>"; };
		765CB8B026A96E5B00BDE8C3 /* Screenshot 2021-07-22 at 13.04.48.png */ = {isa = PBXFileReference; lastKnownFileType = image.png; path = "Screenshot 2021-07-22 at 13.04.48.png"; sourceTree = "<group>"; };
		765CB8B626A96E6000BDE8C3 /* Screenshot 2021-07-22 at 12.50.13.png */ = {isa = PBXFileReference; lastKnownFileType = image.png; path = "Screenshot 2021-07-22 at 12.50.13.png"; sourceTree = "<group>"; };
		7A86419F2506A5D028703140 /* Pods-Fit.release.xcconfig */ = {isa = PBXFileReference; includeInIndex = 1; lastKnownFileType = text.xcconfig; name = "Pods-Fit.release.xcconfig"; path = "Target Support Files/Pods-Fit/Pods-Fit.release.xcconfig"; sourceTree = "<group>"; };
/* End PBXFileReference section */

/* Begin PBXFrameworksBuildPhase section */
		2ADA752E262A3A3900A41AC1 /* Frameworks */ = {
			isa = PBXFrameworksBuildPhase;
			buildActionMask = 2147483647;
			files = (
				0625FC0CB9674AFF49F8F7DA /* Pods_Fit.framework in Frameworks */,
			);
			runOnlyForDeploymentPostprocessing = 0;
		};
/* End PBXFrameworksBuildPhase section */

/* Begin PBXGroup section */
		050FA6CC264442E600917965 /* Model */ = {
			isa = PBXGroup;
			children = (
				057AA682268A18580046F7CD /* Mode.swift */,
				057AA67E268A183E0046F7CD /* Adventure+CoreDataClass.swift */,
				057AA680268A18430046F7CD /* Album+CoreDataClass.swift */,
				05B883D526595B4F00FE6CCC /* RoundButton.swift */,
				05DBC0AD266291A700752B23 /* Note.swift */,
				05DBC0A92662809C00752B23 /* NoteCell.swift */,
				053BA2DF267271A000FAED02 /* MealDataModel.swift */,
				05946CDC2677EB9D00A06D19 /* ViewControllerTableViewCell.swift */,
				05946CE02678D5F300A06D19 /* Avg.swift */,
				0500DBCF2664D98B0098A9AB /* FitCoreData.xcdatamodeld */,
			);
			path = Model;
			sourceTree = "<group>";
		};
		057AA662268A17530046F7CD /* Services */ = {
			isa = PBXGroup;
			children = (
				057AA663268A17530046F7CD /* DateFormatterService.swift */,
				057AA664268A17530046F7CD /* CoreDataService.swift */,
				057AA665268A17530046F7CD /* FileManagerService.swift */,
				057AA666268A17530046F7CD /* AudioService.swift */,
			);
			path = Services;
			sourceTree = "<group>";
		};
		057AA66E268A179E0046F7CD /* XIB */ = {
			isa = PBXGroup;
			children = (
				057AA66F268A179E0046F7CD /* BottomCardViewController.xib */,
			);
			path = XIB;
			sourceTree = "<group>";
		};
		057AA671268A17BD0046F7CD /* Cells */ = {
			isa = PBXGroup;
			children = (
				765CB89926A9679600BDE8C3 /* AlbumTableViewCell.swift */,
				057AA672268A17BD0046F7CD /* PhotoPreviewCollectionViewCell.swift */,
				057AA674268A17BD0046F7CD /* AlbumCollectionViewCell.swift */,
				057AA675268A17BD0046F7CD /* ImageCollectionViewCell.swift */,
				057AA676268A17BD0046F7CD /* DetailCollectionViewCell.swift */,
				053BA2D726726FD500FAED02 /* MealTableViewCell.swift */,
			);
			path = Cells;
			sourceTree = "<group>";
		};
		057AA686268B2F070046F7CD /* Alert */ = {
			isa = PBXGroup;
			children = (
				057AA687268B2F070046F7CD /* AlertDisplayer.swift */,
			);
			path = Alert;
			sourceTree = "<group>";
		};
		10BC885C22E8E6EC3F9EF058 /* Pods */ = {
			isa = PBXGroup;
			children = (
				58E39FC0C6B46BF2FFF03A1D /* Pods-Fit.debug.xcconfig */,
				7A86419F2506A5D028703140 /* Pods-Fit.release.xcconfig */,
			);
			path = Pods;
			sourceTree = "<group>";
		};
		2A36486D263233200035D694 /* View */ = {
			isa = PBXGroup;
			children = (
				057AA68D268DBBD90046F7CD /* PhotoPreview.storyboard */,
				057AA686268B2F070046F7CD /* Alert */,
				057AA671268A17BD0046F7CD /* Cells */,
				057AA66E268A179E0046F7CD /* XIB */,
				2ADA753A262A3A3A00A41AC1 /* Main.storyboard */,
				2ADA753F262A3A3C00A41AC1 /* LaunchScreen.storyboard */,
			);
			path = View;
			sourceTree = "<group>";
		};
		2A36486E263233340035D694 /* Controller */ = {
			isa = PBXGroup;
			children = (
				057AA6522689FA0F0046F7CD /* UpdatePhotoViewController.swift */,
				057AA6502689FA080046F7CD /* PhotoPreviewViewController.swift */,
				057AA64E2689FA000046F7CD /* AddNewViewController.swift */,
				057AA64C2689F9F90046F7CD /* AllPhotosViewController.swift */,
				057AA67C268A17DB0046F7CD /* BottomCardViewController.swift */,
				2ADA7538262A3A3A00A41AC1 /* WelcomeView.swift */,
				2A36486F263233F90035D694 /* LogInView.swift */,
				2A364872263237680035D694 /* RegisterView.swift */,
				2A16E490263575AF00CA6E0C /* TabBarScene.swift */,
				05ECFFA1264E24D5009F58CE /* DietController.swift */,
				05F5402F265D2A370041E6FC /* TrainingController.swift */,
				05DBC0A72662806100752B23 /* NoteDetailVC.swift */,
				05DBC0AB266280D600752B23 /* NoteTableView.swift */,
				053BA2D9267270EB00FAED02 /* MealViewController.swift */,
				053BA2DB2672711200FAED02 /* MealDetailViewController.swift */,
				053BA2DD2672714C00FAED02 /* SearchController.swift */,
				05946CDA2677EB3D00A06D19 /* WeightController.swift */,
				05946CDE2677EBE100A06D19 /* AddWeightViewController.swift */,
				0593B2AE267E1DF80079E89C /* TimerViewController.swift */,
			);
			path = Controller;
			sourceTree = "<group>";
		};
		2ADA7528262A3A3900A41AC1 = {
			isa = PBXGroup;
			children = (
				2ADA7533262A3A3A00A41AC1 /* Fit */,
				2ADA7532262A3A3A00A41AC1 /* Products */,
				10BC885C22E8E6EC3F9EF058 /* Pods */,
				D62CB5C41A5672469F9E25FA /* Frameworks */,
			);
			sourceTree = "<group>";
		};
		2ADA7532262A3A3A00A41AC1 /* Products */ = {
			isa = PBXGroup;
			children = (
				2ADA7531262A3A3A00A41AC1 /* Fit.app */,
			);
			name = Products;
			sourceTree = "<group>";
		};
		2ADA7533262A3A3A00A41AC1 /* Fit */ = {
			isa = PBXGroup;
			children = (
				765CB89B26A96E3A00BDE8C3 /* screenshots */,
				050FA6CD264443C000917965 /* Constants.swift */,
				050FA6CC264442E600917965 /* Model */,
				057AA662268A17530046F7CD /* Services */,
				2ADA7534262A3A3A00A41AC1 /* AppDelegate.swift */,
				2ADA7536262A3A3A00A41AC1 /* SceneDelegate.swift */,
				2A36486D263233200035D694 /* View */,
				2A36486E263233340035D694 /* Controller */,
				2ADA753D262A3A3C00A41AC1 /* Assets.xcassets */,
				2ADA7542262A3A3C00A41AC1 /* Info.plist */,
				050FA6B62643FF2400917965 /* GoogleService-Info.plist */,
			);
			path = Fit;
			sourceTree = "<group>";
		};
		765CB89B26A96E3A00BDE8C3 /* screenshots */ = {
			isa = PBXGroup;
			children = (
				765CB8B626A96E6000BDE8C3 /* Screenshot 2021-07-22 at 12.50.13.png */,
				765CB8AE26A96E5A00BDE8C3 /* Screenshot 2021-07-22 at 13.04.29.png */,
				765CB8AC26A96E5A00BDE8C3 /* Screenshot 2021-07-22 at 13.04.37.png */,
				765CB8AD26A96E5A00BDE8C3 /* Screenshot 2021-07-22 at 13.04.42.png */,
				765CB8B026A96E5B00BDE8C3 /* Screenshot 2021-07-22 at 13.04.48.png */,
				765CB8AF26A96E5B00BDE8C3 /* Screenshot 2021-07-22 at 13.05.27.png */,
				765CB8A126A96E5200BDE8C3 /* Screenshot 2021-07-22 at 13.02.45.png */,
				765CB89D26A96E5100BDE8C3 /* Screenshot 2021-07-22 at 13.02.52.png */,
				765CB8A026A96E5200BDE8C3 /* Screenshot 2021-07-22 at 13.02.57.png */,
				765CB8A326A96E5200BDE8C3 /* Screenshot 2021-07-22 at 13.03.13.png */,
				765CB89E26A96E5100BDE8C3 /* Screenshot 2021-07-22 at 13.03.19.png */,
				765CB8A226A96E5200BDE8C3 /* Screenshot 2021-07-22 at 13.03.26.png */,
				765CB89C26A96E5100BDE8C3 /* Screenshot 2021-07-22 at 13.03.46.png */,
				765CB89F26A96E5100BDE8C3 /* Screenshot 2021-07-22 at 13.03.54.png */,
			);
			path = screenshots;
			sourceTree = "<group>";
		};
		D62CB5C41A5672469F9E25FA /* Frameworks */ = {
			isa = PBXGroup;
			children = (
				65C3E461F8CA8D2B28A4701B /* Pods_Fit.framework */,
			);
			name = Frameworks;
			sourceTree = "<group>";
		};
/* End PBXGroup section */

/* Begin PBXNativeTarget section */
		2ADA7530262A3A3900A41AC1 /* Fit */ = {
			isa = PBXNativeTarget;
			buildConfigurationList = 2ADA7545262A3A3C00A41AC1 /* Build configuration list for PBXNativeTarget "Fit" */;
			buildPhases = (
				6146CAA458CC130323DB2CC7 /* [CP] Check Pods Manifest.lock */,
				2ADA752D262A3A3900A41AC1 /* Sources */,
				2ADA752E262A3A3900A41AC1 /* Frameworks */,
				2ADA752F262A3A3900A41AC1 /* Resources */,
				327F46CC948FC1F01A365096 /* [CP] Embed Pods Frameworks */,
			);
			buildRules = (
			);
			dependencies = (
			);
			name = Fit;
			productName = Fit;
			productReference = 2ADA7531262A3A3A00A41AC1 /* Fit.app */;
			productType = "com.apple.product-type.application";
		};
/* End PBXNativeTarget section */

/* Begin PBXProject section */
		2ADA7529262A3A3900A41AC1 /* Project object */ = {
			isa = PBXProject;
			attributes = {
				LastSwiftUpdateCheck = 1170;
				LastUpgradeCheck = 1250;
				ORGANIZATIONNAME = "Beka Japaridze";
				TargetAttributes = {
					2ADA7530262A3A3900A41AC1 = {
						CreatedOnToolsVersion = 11.7;
					};
				};
			};
			buildConfigurationList = 2ADA752C262A3A3900A41AC1 /* Build configuration list for PBXProject "Fit" */;
			compatibilityVersion = "Xcode 9.3";
			developmentRegion = en;
			hasScannedForEncodings = 0;
			knownRegions = (
				en,
				Base,
			);
			mainGroup = 2ADA7528262A3A3900A41AC1;
			productRefGroup = 2ADA7532262A3A3A00A41AC1 /* Products */;
			projectDirPath = "";
			projectRoot = "";
			targets = (
				2ADA7530262A3A3900A41AC1 /* Fit */,
			);
		};
/* End PBXProject section */

/* Begin PBXResourcesBuildPhase section */
		2ADA752F262A3A3900A41AC1 /* Resources */ = {
			isa = PBXResourcesBuildPhase;
			buildActionMask = 2147483647;
			files = (
				765CB8B326A96E5B00BDE8C3 /* Screenshot 2021-07-22 at 13.04.29.png in Resources */,
				2ADA7541262A3A3C00A41AC1 /* LaunchScreen.storyboard in Resources */,
				765CB8A426A96E5200BDE8C3 /* Screenshot 2021-07-22 at 13.03.46.png in Resources */,
				765CB8AB26A96E5200BDE8C3 /* Screenshot 2021-07-22 at 13.03.13.png in Resources */,
				050FA6B72643FF2400917965 /* GoogleService-Info.plist in Resources */,
				765CB8B126A96E5B00BDE8C3 /* Screenshot 2021-07-22 at 13.04.37.png in Resources */,
				057AA670268A179E0046F7CD /* BottomCardViewController.xib in Resources */,
				765CB8B526A96E5B00BDE8C3 /* Screenshot 2021-07-22 at 13.04.48.png in Resources */,
				765CB8A926A96E5200BDE8C3 /* Screenshot 2021-07-22 at 13.02.45.png in Resources */,
				765CB8A826A96E5200BDE8C3 /* Screenshot 2021-07-22 at 13.02.57.png in Resources */,
				2ADA753E262A3A3C00A41AC1 /* Assets.xcassets in Resources */,
				765CB8A726A96E5200BDE8C3 /* Screenshot 2021-07-22 at 13.03.54.png in Resources */,
				057AA68E268DBBD90046F7CD /* PhotoPreview.storyboard in Resources */,
				765CB8B726A96E6000BDE8C3 /* Screenshot 2021-07-22 at 12.50.13.png in Resources */,
				765CB8A526A96E5200BDE8C3 /* Screenshot 2021-07-22 at 13.02.52.png in Resources */,
				765CB8B426A96E5B00BDE8C3 /* Screenshot 2021-07-22 at 13.05.27.png in Resources */,
				765CB8A626A96E5200BDE8C3 /* Screenshot 2021-07-22 at 13.03.19.png in Resources */,
				2ADA753C262A3A3A00A41AC1 /* Main.storyboard in Resources */,
				765CB8AA26A96E5200BDE8C3 /* Screenshot 2021-07-22 at 13.03.26.png in Resources */,
				765CB8B226A96E5B00BDE8C3 /* Screenshot 2021-07-22 at 13.04.42.png in Resources */,
			);
			runOnlyForDeploymentPostprocessing = 0;
		};
/* End PBXResourcesBuildPhase section */

/* Begin PBXShellScriptBuildPhase section */
		327F46CC948FC1F01A365096 /* [CP] Embed Pods Frameworks */ = {
			isa = PBXShellScriptBuildPhase;
			buildActionMask = 2147483647;
			files = (
			);
			inputFileListPaths = (
				"${PODS_ROOT}/Target Support Files/Pods-Fit/Pods-Fit-frameworks-${CONFIGURATION}-input-files.xcfilelist",
			);
			name = "[CP] Embed Pods Frameworks";
			outputFileListPaths = (
				"${PODS_ROOT}/Target Support Files/Pods-Fit/Pods-Fit-frameworks-${CONFIGURATION}-output-files.xcfilelist",
			);
			runOnlyForDeploymentPostprocessing = 0;
			shellPath = /bin/sh;
			shellScript = "\"${PODS_ROOT}/Target Support Files/Pods-Fit/Pods-Fit-frameworks.sh\"\n";
			showEnvVarsInLog = 0;
		};
		6146CAA458CC130323DB2CC7 /* [CP] Check Pods Manifest.lock */ = {
			isa = PBXShellScriptBuildPhase;
			buildActionMask = 2147483647;
			files = (
			);
			inputFileListPaths = (
			);
			inputPaths = (
				"${PODS_PODFILE_DIR_PATH}/Podfile.lock",
				"${PODS_ROOT}/Manifest.lock",
			);
			name = "[CP] Check Pods Manifest.lock";
			outputFileListPaths = (
			);
			outputPaths = (
				"$(DERIVED_FILE_DIR)/Pods-Fit-checkManifestLockResult.txt",
			);
			runOnlyForDeploymentPostprocessing = 0;
			shellPath = /bin/sh;
			shellScript = "diff \"${PODS_PODFILE_DIR_PATH}/Podfile.lock\" \"${PODS_ROOT}/Manifest.lock\" > /dev/null\nif [ $? != 0 ] ; then\n    # print error to STDERR\n    echo \"error: The sandbox is not in sync with the Podfile.lock. Run 'pod install' or update your CocoaPods installation.\" >&2\n    exit 1\nfi\n# This output is used by Xcode 'outputs' to avoid re-running this script phase.\necho \"SUCCESS\" > \"${SCRIPT_OUTPUT_FILE_0}\"\n";
			showEnvVarsInLog = 0;
		};
/* End PBXShellScriptBuildPhase section */

/* Begin PBXSourcesBuildPhase section */
		2ADA752D262A3A3900A41AC1 /* Sources */ = {
			isa = PBXSourcesBuildPhase;
			buildActionMask = 2147483647;
			files = (
				057AA6512689FA080046F7CD /* PhotoPreviewViewController.swift in Sources */,
				0593B2AF267E1DF80079E89C /* TimerViewController.swift in Sources */,
				05DBC0A82662806100752B23 /* NoteDetailVC.swift in Sources */,
				765CB89A26A9679600BDE8C3 /* AlbumTableViewCell.swift in Sources */,
				053BA2DC2672711200FAED02 /* MealDetailViewController.swift in Sources */,
				05946CE12678D5F300A06D19 /* Avg.swift in Sources */,
				057AA67A268A17BD0046F7CD /* ImageCollectionViewCell.swift in Sources */,
				057AA66A268A17540046F7CD /* AudioService.swift in Sources */,
				05946CDF2677EBE100A06D19 /* AddWeightViewController.swift in Sources */,
				053BA2E0267271A000FAED02 /* MealDataModel.swift in Sources */,
				057AA668268A17540046F7CD /* CoreDataService.swift in Sources */,
				05F54030265D2A370041E6FC /* TrainingController.swift in Sources */,
				2ADA7539262A3A3A00A41AC1 /* WelcomeView.swift in Sources */,
				05DBC0AA2662809C00752B23 /* NoteCell.swift in Sources */,
				05ECFFA2264E24D5009F58CE /* DietController.swift in Sources */,
				057AA6532689FA0F0046F7CD /* UpdatePhotoViewController.swift in Sources */,
				2A364873263237680035D694 /* RegisterView.swift in Sources */,
				057AA667268A17540046F7CD /* DateFormatterService.swift in Sources */,
				057AA67D268A17DC0046F7CD /* BottomCardViewController.swift in Sources */,
				05946CDB2677EB3D00A06D19 /* WeightController.swift in Sources */,
				057AA677268A17BD0046F7CD /* PhotoPreviewCollectionViewCell.swift in Sources */,
				057AA683268A18580046F7CD /* Mode.swift in Sources */,
				2A364870263233F90035D694 /* LogInView.swift in Sources */,
				2A16E491263575AF00CA6E0C /* TabBarScene.swift in Sources */,
				053BA2DE2672714C00FAED02 /* SearchController.swift in Sources */,
				057AA688268B2F070046F7CD /* AlertDisplayer.swift in Sources */,
				057AA679268A17BD0046F7CD /* AlbumCollectionViewCell.swift in Sources */,
				053BA2D826726FD500FAED02 /* MealTableViewCell.swift in Sources */,
				057AA67F268A183E0046F7CD /* Adventure+CoreDataClass.swift in Sources */,
				05B883D626595B5000FE6CCC /* RoundButton.swift in Sources */,
				05DBC0AE266291A700752B23 /* Note.swift in Sources */,
				05946CDD2677EB9D00A06D19 /* ViewControllerTableViewCell.swift in Sources */,
				057AA64F2689FA000046F7CD /* AddNewViewController.swift in Sources */,
				050FA6CE264443C000917965 /* Constants.swift in Sources */,
				057AA681268A18430046F7CD /* Album+CoreDataClass.swift in Sources */,
				2ADA7535262A3A3A00A41AC1 /* AppDelegate.swift in Sources */,
				057AA67B268A17BD0046F7CD /* DetailCollectionViewCell.swift in Sources */,
				05DBC0AC266280D600752B23 /* NoteTableView.swift in Sources */,
				2ADA7537262A3A3A00A41AC1 /* SceneDelegate.swift in Sources */,
				0500DBD12664D98B0098A9AB /* FitCoreData.xcdatamodeld in Sources */,
				053BA2DA267270EB00FAED02 /* MealViewController.swift in Sources */,
				057AA64D2689F9F90046F7CD /* AllPhotosViewController.swift in Sources */,
				057AA669268A17540046F7CD /* FileManagerService.swift in Sources */,
			);
			runOnlyForDeploymentPostprocessing = 0;
		};
/* End PBXSourcesBuildPhase section */

/* Begin PBXVariantGroup section */
		2ADA753A262A3A3A00A41AC1 /* Main.storyboard */ = {
			isa = PBXVariantGroup;
			children = (
				2ADA753B262A3A3A00A41AC1 /* Base */,
			);
			name = Main.storyboard;
			sourceTree = "<group>";
		};
		2ADA753F262A3A3C00A41AC1 /* LaunchScreen.storyboard */ = {
			isa = PBXVariantGroup;
			children = (
				2ADA7540262A3A3C00A41AC1 /* Base */,
			);
			name = LaunchScreen.storyboard;
			sourceTree = "<group>";
		};
/* End PBXVariantGroup section */

/* Begin XCBuildConfiguration section */
		2ADA7543262A3A3C00A41AC1 /* Debug */ = {
			isa = XCBuildConfiguration;
			buildSettings = {
				ALWAYS_SEARCH_USER_PATHS = NO;
				CLANG_ANALYZER_NONNULL = YES;
				CLANG_ANALYZER_NUMBER_OBJECT_CONVERSION = YES_AGGRESSIVE;
				CLANG_CXX_LANGUAGE_STANDARD = "gnu++14";
				CLANG_CXX_LIBRARY = "libc++";
				CLANG_ENABLE_MODULES = YES;
				CLANG_ENABLE_OBJC_ARC = YES;
				CLANG_ENABLE_OBJC_WEAK = YES;
				CLANG_WARN_BLOCK_CAPTURE_AUTORELEASING = YES;
				CLANG_WARN_BOOL_CONVERSION = YES;
				CLANG_WARN_COMMA = YES;
				CLANG_WARN_CONSTANT_CONVERSION = YES;
				CLANG_WARN_DEPRECATED_OBJC_IMPLEMENTATIONS = YES;
				CLANG_WARN_DIRECT_OBJC_ISA_USAGE = YES_ERROR;
				CLANG_WARN_DOCUMENTATION_COMMENTS = YES;
				CLANG_WARN_EMPTY_BODY = YES;
				CLANG_WARN_ENUM_CONVERSION = YES;
				CLANG_WARN_INFINITE_RECURSION = YES;
				CLANG_WARN_INT_CONVERSION = YES;
				CLANG_WARN_NON_LITERAL_NULL_CONVERSION = YES;
				CLANG_WARN_OBJC_IMPLICIT_RETAIN_SELF = YES;
				CLANG_WARN_OBJC_LITERAL_CONVERSION = YES;
				CLANG_WARN_OBJC_ROOT_CLASS = YES_ERROR;
				CLANG_WARN_QUOTED_INCLUDE_IN_FRAMEWORK_HEADER = YES;
				CLANG_WARN_RANGE_LOOP_ANALYSIS = YES;
				CLANG_WARN_STRICT_PROTOTYPES = YES;
				CLANG_WARN_SUSPICIOUS_MOVE = YES;
				CLANG_WARN_UNGUARDED_AVAILABILITY = YES_AGGRESSIVE;
				CLANG_WARN_UNREACHABLE_CODE = YES;
				CLANG_WARN__DUPLICATE_METHOD_MATCH = YES;
				COPY_PHASE_STRIP = NO;
				DEBUG_INFORMATION_FORMAT = dwarf;
				ENABLE_STRICT_OBJC_MSGSEND = YES;
				ENABLE_TESTABILITY = YES;
				GCC_C_LANGUAGE_STANDARD = gnu11;
				GCC_DYNAMIC_NO_PIC = NO;
				GCC_NO_COMMON_BLOCKS = YES;
				GCC_OPTIMIZATION_LEVEL = 0;
				GCC_PREPROCESSOR_DEFINITIONS = (
					"DEBUG=1",
					"$(inherited)",
				);
				GCC_WARN_64_TO_32_BIT_CONVERSION = YES;
				GCC_WARN_ABOUT_RETURN_TYPE = YES_ERROR;
				GCC_WARN_UNDECLARED_SELECTOR = YES;
				GCC_WARN_UNINITIALIZED_AUTOS = YES_AGGRESSIVE;
				GCC_WARN_UNUSED_FUNCTION = YES;
				GCC_WARN_UNUSED_VARIABLE = YES;
				IPHONEOS_DEPLOYMENT_TARGET = 13.0;
				MTL_ENABLE_DEBUG_INFO = INCLUDE_SOURCE;
				MTL_FAST_MATH = YES;
				ONLY_ACTIVE_ARCH = YES;
				SDKROOT = iphoneos;
				SWIFT_ACTIVE_COMPILATION_CONDITIONS = DEBUG;
				SWIFT_OPTIMIZATION_LEVEL = "-Onone";
			};
			name = Debug;
		};
		2ADA7544262A3A3C00A41AC1 /* Release */ = {
			isa = XCBuildConfiguration;
			buildSettings = {
				ALWAYS_SEARCH_USER_PATHS = NO;
				CLANG_ANALYZER_NONNULL = YES;
				CLANG_ANALYZER_NUMBER_OBJECT_CONVERSION = YES_AGGRESSIVE;
				CLANG_CXX_LANGUAGE_STANDARD = "gnu++14";
				CLANG_CXX_LIBRARY = "libc++";
				CLANG_ENABLE_MODULES = YES;
				CLANG_ENABLE_OBJC_ARC = YES;
				CLANG_ENABLE_OBJC_WEAK = YES;
				CLANG_WARN_BLOCK_CAPTURE_AUTORELEASING = YES;
				CLANG_WARN_BOOL_CONVERSION = YES;
				CLANG_WARN_COMMA = YES;
				CLANG_WARN_CONSTANT_CONVERSION = YES;
				CLANG_WARN_DEPRECATED_OBJC_IMPLEMENTATIONS = YES;
				CLANG_WARN_DIRECT_OBJC_ISA_USAGE = YES_ERROR;
				CLANG_WARN_DOCUMENTATION_COMMENTS = YES;
				CLANG_WARN_EMPTY_BODY = YES;
				CLANG_WARN_ENUM_CONVERSION = YES;
				CLANG_WARN_INFINITE_RECURSION = YES;
				CLANG_WARN_INT_CONVERSION = YES;
				CLANG_WARN_NON_LITERAL_NULL_CONVERSION = YES;
				CLANG_WARN_OBJC_IMPLICIT_RETAIN_SELF = YES;
				CLANG_WARN_OBJC_LITERAL_CONVERSION = YES;
				CLANG_WARN_OBJC_ROOT_CLASS = YES_ERROR;
				CLANG_WARN_QUOTED_INCLUDE_IN_FRAMEWORK_HEADER = YES;
				CLANG_WARN_RANGE_LOOP_ANALYSIS = YES;
				CLANG_WARN_STRICT_PROTOTYPES = YES;
				CLANG_WARN_SUSPICIOUS_MOVE = YES;
				CLANG_WARN_UNGUARDED_AVAILABILITY = YES_AGGRESSIVE;
				CLANG_WARN_UNREACHABLE_CODE = YES;
				CLANG_WARN__DUPLICATE_METHOD_MATCH = YES;
				COPY_PHASE_STRIP = NO;
				DEBUG_INFORMATION_FORMAT = "dwarf-with-dsym";
				ENABLE_NS_ASSERTIONS = NO;
				ENABLE_STRICT_OBJC_MSGSEND = YES;
				GCC_C_LANGUAGE_STANDARD = gnu11;
				GCC_NO_COMMON_BLOCKS = YES;
				GCC_WARN_64_TO_32_BIT_CONVERSION = YES;
				GCC_WARN_ABOUT_RETURN_TYPE = YES_ERROR;
				GCC_WARN_UNDECLARED_SELECTOR = YES;
				GCC_WARN_UNINITIALIZED_AUTOS = YES_AGGRESSIVE;
				GCC_WARN_UNUSED_FUNCTION = YES;
				GCC_WARN_UNUSED_VARIABLE = YES;
				IPHONEOS_DEPLOYMENT_TARGET = 13.0;
				MTL_ENABLE_DEBUG_INFO = NO;
				MTL_FAST_MATH = YES;
				SDKROOT = iphoneos;
				SWIFT_COMPILATION_MODE = wholemodule;
				SWIFT_OPTIMIZATION_LEVEL = "-O";
				VALIDATE_PRODUCT = YES;
			};
			name = Release;
		};
		2ADA7546262A3A3C00A41AC1 /* Debug */ = {
			isa = XCBuildConfiguration;
			baseConfigurationReference = 58E39FC0C6B46BF2FFF03A1D /* Pods-Fit.debug.xcconfig */;
			buildSettings = {
				ASSETCATALOG_COMPILER_APPICON_NAME = AppIcon;
				CODE_SIGN_STYLE = Automatic;
				DEVELOPMENT_TEAM = 26HTZ756V8;
				INFOPLIST_FILE = Fit/Info.plist;
				LD_RUNPATH_SEARCH_PATHS = (
					"$(inherited)",
					"@executable_path/Frameworks",
				);
				PRODUCT_BUNDLE_IDENTIFIER = com.igrigolia.Fit;
				PRODUCT_NAME = "$(TARGET_NAME)";
				SWIFT_VERSION = 5.0;
				TARGETED_DEVICE_FAMILY = "1,2";
			};
			name = Debug;
		};
		2ADA7547262A3A3C00A41AC1 /* Release */ = {
			isa = XCBuildConfiguration;
			baseConfigurationReference = 7A86419F2506A5D028703140 /* Pods-Fit.release.xcconfig */;
			buildSettings = {
				ASSETCATALOG_COMPILER_APPICON_NAME = AppIcon;
				CODE_SIGN_STYLE = Automatic;
				DEVELOPMENT_TEAM = 26HTZ756V8;
				INFOPLIST_FILE = Fit/Info.plist;
				LD_RUNPATH_SEARCH_PATHS = (
					"$(inherited)",
					"@executable_path/Frameworks",
				);
				PRODUCT_BUNDLE_IDENTIFIER = fit.igrigolia.Fit;
				PRODUCT_NAME = "$(TARGET_NAME)";
				SWIFT_VERSION = 5.0;
				TARGETED_DEVICE_FAMILY = "1,2";
			};
			name = Release;
		};
/* End XCBuildConfiguration section */

/* Begin XCConfigurationList section */
		2ADA752C262A3A3900A41AC1 /* Build configuration list for PBXProject "Fit" */ = {
			isa = XCConfigurationList;
			buildConfigurations = (
				2ADA7543262A3A3C00A41AC1 /* Debug */,
				2ADA7544262A3A3C00A41AC1 /* Release */,
			);
			defaultConfigurationIsVisible = 0;
			defaultConfigurationName = Release;
		};
		2ADA7545262A3A3C00A41AC1 /* Build configuration list for PBXNativeTarget "Fit" */ = {
			isa = XCConfigurationList;
			buildConfigurations = (
				2ADA7546262A3A3C00A41AC1 /* Debug */,
				2ADA7547262A3A3C00A41AC1 /* Release */,
			);
			defaultConfigurationIsVisible = 0;
			defaultConfigurationName = Release;
		};
/* End XCConfigurationList section */

/* Begin XCVersionGroup section */
		0500DBCF2664D98B0098A9AB /* FitCoreData.xcdatamodeld */ = {
			isa = XCVersionGroup;
			children = (
				0500DBD02664D98B0098A9AB /* Note.xcdatamodel */,
			);
			currentVersion = 0500DBD02664D98B0098A9AB /* Note.xcdatamodel */;
			path = FitCoreData.xcdatamodeld;
			sourceTree = "<group>";
			versionGroupType = wrapper.xcdatamodel;
		};
/* End XCVersionGroup section */
	};
	rootObject = 2ADA7529262A3A3900A41AC1 /* Project object */;
}
