// !$*UTF8*$!
{
	archiveVersion = 1;
	classes = {
	};
	objectVersion = 51;
	objects = {

/* Begin PBXBuildFile section */
		050FA6B72643FF2400917965 /* GoogleService-Info.plist in Resources */ = {isa = PBXBuildFile; fileRef = 050FA6B62643FF2400917965 /* GoogleService-Info.plist */; };
		050FA6CE264443C000917965 /* Constants.swift in Sources */ = {isa = PBXBuildFile; fileRef = 050FA6CD264443C000917965 /* Constants.swift */; };
		051B80F226527F5D0013C305 /* WeightViewController.swift in Sources */ = {isa = PBXBuildFile; fileRef = 051B80F126527F5D0013C305 /* WeightViewController.swift */; };
		05B883D626595B5000FE6CCC /* RoundButton.swift in Sources */ = {isa = PBXBuildFile; fileRef = 05B883D526595B4F00FE6CCC /* RoundButton.swift */; };
		05ECFFA2264E24D5009F58CE /* DietController.swift in Sources */ = {isa = PBXBuildFile; fileRef = 05ECFFA1264E24D5009F58CE /* DietController.swift */; };
		05F54030265D2A370041E6FC /* TrainingController.swift in Sources */ = {isa = PBXBuildFile; fileRef = 05F5402F265D2A370041E6FC /* TrainingController.swift */; };
		0625FC0CB9674AFF49F8F7DA /* Pods_Fit.framework in Frameworks */ = {isa = PBXBuildFile; fileRef = 65C3E461F8CA8D2B28A4701B /* Pods_Fit.framework */; };
		2A16E491263575AF00CA6E0C /* TabBarScene.swift in Sources */ = {isa = PBXBuildFile; fileRef = 2A16E490263575AF00CA6E0C /* TabBarScene.swift */; };
		2A364870263233F90035D694 /* LogInView.swift in Sources */ = {isa = PBXBuildFile; fileRef = 2A36486F263233F90035D694 /* LogInView.swift */; };
		2A364873263237680035D694 /* RegisterView.swift in Sources */ = {isa = PBXBuildFile; fileRef = 2A364872263237680035D694 /* RegisterView.swift */; };
		2ADA7535262A3A3A00A41AC1 /* AppDelegate.swift in Sources */ = {isa = PBXBuildFile; fileRef = 2ADA7534262A3A3A00A41AC1 /* AppDelegate.swift */; };
		2ADA7537262A3A3A00A41AC1 /* SceneDelegate.swift in Sources */ = {isa = PBXBuildFile; fileRef = 2ADA7536262A3A3A00A41AC1 /* SceneDelegate.swift */; };
		2ADA7539262A3A3A00A41AC1 /* WelcomeView.swift in Sources */ = {isa = PBXBuildFile; fileRef = 2ADA7538262A3A3A00A41AC1 /* WelcomeView.swift */; };
		2ADA753C262A3A3A00A41AC1 /* Main.storyboard in Resources */ = {isa = PBXBuildFile; fileRef = 2ADA753A262A3A3A00A41AC1 /* Main.storyboard */; };
		2ADA753E262A3A3C00A41AC1 /* Assets.xcassets in Resources */ = {isa = PBXBuildFile; fileRef = 2ADA753D262A3A3C00A41AC1 /* Assets.xcassets */; };
		2ADA7541262A3A3C00A41AC1 /* LaunchScreen.storyboard in Resources */ = {isa = PBXBuildFile; fileRef = 2ADA753F262A3A3C00A41AC1 /* LaunchScreen.storyboard */; };
/* End PBXBuildFile section */

/* Begin PBXFileReference section */
		050FA6B62643FF2400917965 /* GoogleService-Info.plist */ = {isa = PBXFileReference; fileEncoding = 4; lastKnownFileType = text.plist.xml; path = "GoogleService-Info.plist"; sourceTree = "<group>"; };
		050FA6CD264443C000917965 /* Constants.swift */ = {isa = PBXFileReference; lastKnownFileType = sourcecode.swift; name = Constants.swift; path = ../Constants.swift; sourceTree = "<group>"; };
		051B80F126527F5D0013C305 /* WeightViewController.swift */ = {isa = PBXFileReference; lastKnownFileType = sourcecode.swift; path = WeightViewController.swift; sourceTree = "<group>"; };
		05B883D526595B4F00FE6CCC /* RoundButton.swift */ = {isa = PBXFileReference; lastKnownFileType = sourcecode.swift; path = RoundButton.swift; sourceTree = "<group>"; };
		05ECFFA1264E24D5009F58CE /* DietController.swift */ = {isa = PBXFileReference; lastKnownFileType = sourcecode.swift; path = DietController.swift; sourceTree = "<group>"; };
		05F5402F265D2A370041E6FC /* TrainingController.swift */ = {isa = PBXFileReference; lastKnownFileType = sourcecode.swift; path = TrainingController.swift; sourceTree = "<group>"; };
		2A16E490263575AF00CA6E0C /* TabBarScene.swift */ = {isa = PBXFileReference; lastKnownFileType = sourcecode.swift; path = TabBarScene.swift; sourceTree = "<group>"; };
		2A36486F263233F90035D694 /* LogInView.swift */ = {isa = PBXFileReference; lastKnownFileType = sourcecode.swift; path = LogInView.swift; sourceTree = "<group>"; };
		2A364872263237680035D694 /* RegisterView.swift */ = {isa = PBXFileReference; lastKnownFileType = sourcecode.swift; path = RegisterView.swift; sourceTree = "<group>"; };
		2ADA7531262A3A3A00A41AC1 /* Fit.app */ = {isa = PBXFileReference; explicitFileType = wrapper.application; includeInIndex = 0; path = Fit.app; sourceTree = BUILT_PRODUCTS_DIR; };
		2ADA7534262A3A3A00A41AC1 /* AppDelegate.swift */ = {isa = PBXFileReference; lastKnownFileType = sourcecode.swift; path = AppDelegate.swift; sourceTree = "<group>"; };
		2ADA7536262A3A3A00A41AC1 /* SceneDelegate.swift */ = {isa = PBXFileReference; lastKnownFileType = sourcecode.swift; path = SceneDelegate.swift; sourceTree = "<group>"; };
		2ADA7538262A3A3A00A41AC1 /* WelcomeView.swift */ = {isa = PBXFileReference; lastKnownFileType = sourcecode.swift; path = WelcomeView.swift; sourceTree = "<group>"; };
		2ADA753B262A3A3A00A41AC1 /* Base */ = {isa = PBXFileReference; lastKnownFileType = file.storyboard; name = Base; path = Base.lproj/Main.storyboard; sourceTree = "<group>"; };
		2ADA753D262A3A3C00A41AC1 /* Assets.xcassets */ = {isa = PBXFileReference; lastKnownFileType = folder.assetcatalog; path = Assets.xcassets; sourceTree = "<group>"; };
		2ADA7540262A3A3C00A41AC1 /* Base */ = {isa = PBXFileReference; lastKnownFileType = file.storyboard; name = Base; path = Base.lproj/LaunchScreen.storyboard; sourceTree = "<group>"; };
		2ADA7542262A3A3C00A41AC1 /* Info.plist */ = {isa = PBXFileReference; lastKnownFileType = text.plist.xml; path = Info.plist; sourceTree = "<group>"; };
		58E39FC0C6B46BF2FFF03A1D /* Pods-Fit.debug.xcconfig */ = {isa = PBXFileReference; includeInIndex = 1; lastKnownFileType = text.xcconfig; name = "Pods-Fit.debug.xcconfig"; path = "Target Support Files/Pods-Fit/Pods-Fit.debug.xcconfig"; sourceTree = "<group>"; };
		65C3E461F8CA8D2B28A4701B /* Pods_Fit.framework */ = {isa = PBXFileReference; explicitFileType = wrapper.framework; includeInIndex = 0; path = Pods_Fit.framework; sourceTree = BUILT_PRODUCTS_DIR; };
		7A86419F2506A5D028703140 /* Pods-Fit.release.xcconfig */ = {isa = PBXFileReference; includeInIndex = 1; lastKnownFileType = text.xcconfig; name = "Pods-Fit.release.xcconfig"; path = "Target Support Files/Pods-Fit/Pods-Fit.release.xcconfig"; sourceTree = "<group>"; };
/* End PBXFileReference section */

/* Begin PBXFrameworksBuildPhase section */
		2ADA752E262A3A3900A41AC1 /* Frameworks */ = {
			isa = PBXFrameworksBuildPhase;
			buildActionMask = 2147483647;
			files = (
				0625FC0CB9674AFF49F8F7DA /* Pods_Fit.framework in Frameworks */,
			);
			runOnlyForDeploymentPostprocessing = 0;
		};
/* End PBXFrameworksBuildPhase section */

/* Begin PBXGroup section */
		050FA6CC264442E600917965 /* Model */ = {
			isa = PBXGroup;
			children = (
			);
			path = Model;
			sourceTree = "<group>";
		};
		10BC885C22E8E6EC3F9EF058 /* Pods */ = {
			isa = PBXGroup;
			children = (
				58E39FC0C6B46BF2FFF03A1D /* Pods-Fit.debug.xcconfig */,
				7A86419F2506A5D028703140 /* Pods-Fit.release.xcconfig */,
			);
			path = Pods;
			sourceTree = "<group>";
		};
		2A36486D263233200035D694 /* View */ = {
			isa = PBXGroup;
			children = (
				2ADA753A262A3A3A00A41AC1 /* Main.storyboard */,
				2ADA753F262A3A3C00A41AC1 /* LaunchScreen.storyboard */,
			);
			path = View;
			sourceTree = "<group>";
		};
		2A36486E263233340035D694 /* Controller */ = {
			isa = PBXGroup;
			children = (
				2ADA7538262A3A3A00A41AC1 /* WelcomeView.swift */,
				2A36486F263233F90035D694 /* LogInView.swift */,
				2A364872263237680035D694 /* RegisterView.swift */,
				2A16E490263575AF00CA6E0C /* TabBarScene.swift */,
				05ECFFA1264E24D5009F58CE /* DietController.swift */,
				051B80F126527F5D0013C305 /* WeightViewController.swift */,
				05F5402F265D2A370041E6FC /* TrainingController.swift */,
			);
			path = Controller;
			sourceTree = "<group>";
		};
		2ADA7528262A3A3900A41AC1 = {
			isa = PBXGroup;
			children = (
				2ADA7533262A3A3A00A41AC1 /* Fit */,
				2ADA7532262A3A3A00A41AC1 /* Products */,
				10BC885C22E8E6EC3F9EF058 /* Pods */,
				D62CB5C41A5672469F9E25FA /* Frameworks */,
			);
			sourceTree = "<group>";
		};
		2ADA7532262A3A3A00A41AC1 /* Products */ = {
			isa = PBXGroup;
			children = (
				2ADA7531262A3A3A00A41AC1 /* Fit.app */,
			);
			name = Products;
			sourceTree = "<group>";
		};
		2ADA7533262A3A3A00A41AC1 /* Fit */ = {
			isa = PBXGroup;
			children = (
				050FA6CD264443C000917965 /* Constants.swift */,
				050FA6CC264442E600917965 /* Model */,
				2ADA7534262A3A3A00A41AC1 /* AppDelegate.swift */,
				2ADA7536262A3A3A00A41AC1 /* SceneDelegate.swift */,
				2A36486E263233340035D694 /* Controller */,
				2A36486D263233200035D694 /* View */,
				2ADA753D262A3A3C00A41AC1 /* Assets.xcassets */,
				2ADA7542262A3A3C00A41AC1 /* Info.plist */,
				050FA6B62643FF2400917965 /* GoogleService-Info.plist */,
				05B883D526595B4F00FE6CCC /* RoundButton.swift */,
			);
			path = Fit;
			sourceTree = "<group>";
		};
		D62CB5C41A5672469F9E25FA /* Frameworks */ = {
			isa = PBXGroup;
			children = (
				65C3E461F8CA8D2B28A4701B /* Pods_Fit.framework */,
			);
			name = Frameworks;
			sourceTree = "<group>";
		};
/* End PBXGroup section */

/* Begin PBXNativeTarget section */
		2ADA7530262A3A3900A41AC1 /* Fit */ = {
			isa = PBXNativeTarget;
			buildConfigurationList = 2ADA7545262A3A3C00A41AC1 /* Build configuration list for PBXNativeTarget "Fit" */;
			buildPhases = (
				6146CAA458CC130323DB2CC7 /* [CP] Check Pods Manifest.lock */,
				2ADA752D262A3A3900A41AC1 /* Sources */,
				2ADA752E262A3A3900A41AC1 /* Frameworks */,
				2ADA752F262A3A3900A41AC1 /* Resources */,
				327F46CC948FC1F01A365096 /* [CP] Embed Pods Frameworks */,
			);
			buildRules = (
			);
			dependencies = (
			);
			name = Fit;
			productName = Fit;
			productReference = 2ADA7531262A3A3A00A41AC1 /* Fit.app */;
			productType = "com.apple.product-type.application";
		};
/* End PBXNativeTarget section */

/* Begin PBXProject section */
		2ADA7529262A3A3900A41AC1 /* Project object */ = {
			isa = PBXProject;
			attributes = {
				LastSwiftUpdateCheck = 1170;
				LastUpgradeCheck = 1170;
				ORGANIZATIONNAME = "Beka Japaridze";
				TargetAttributes = {
					2ADA7530262A3A3900A41AC1 = {
						CreatedOnToolsVersion = 11.7;
					};
				};
			};
			buildConfigurationList = 2ADA752C262A3A3900A41AC1 /* Build configuration list for PBXProject "Fit" */;
			compatibilityVersion = "Xcode 9.3";
			developmentRegion = en;
			hasScannedForEncodings = 0;
			knownRegions = (
				en,
				Base,
			);
			mainGroup = 2ADA7528262A3A3900A41AC1;
			productRefGroup = 2ADA7532262A3A3A00A41AC1 /* Products */;
			projectDirPath = "";
			projectRoot = "";
			targets = (
				2ADA7530262A3A3900A41AC1 /* Fit */,
			);
		};
/* End PBXProject section */

/* Begin PBXResourcesBuildPhase section */
		2ADA752F262A3A3900A41AC1 /* Resources */ = {
			isa = PBXResourcesBuildPhase;
			buildActionMask = 2147483647;
			files = (
				2ADA7541262A3A3C00A41AC1 /* LaunchScreen.storyboard in Resources */,
				050FA6B72643FF2400917965 /* GoogleService-Info.plist in Resources */,
				2ADA753E262A3A3C00A41AC1 /* Assets.xcassets in Resources */,
				2ADA753C262A3A3A00A41AC1 /* Main.storyboard in Resources */,
			);
			runOnlyForDeploymentPostprocessing = 0;
		};
/* End PBXResourcesBuildPhase section */

/* Begin PBXShellScriptBuildPhase section */
		327F46CC948FC1F01A365096 /* [CP] Embed Pods Frameworks */ = {
			isa = PBXShellScriptBuildPhase;
			buildActionMask = 2147483647;
			files = (
			);
			inputFileListPaths = (
				"${PODS_ROOT}/Target Support Files/Pods-Fit/Pods-Fit-frameworks-${CONFIGURATION}-input-files.xcfilelist",
			);
			name = "[CP] Embed Pods Frameworks";
			outputFileListPaths = (
				"${PODS_ROOT}/Target Support Files/Pods-Fit/Pods-Fit-frameworks-${CONFIGURATION}-output-files.xcfilelist",
			);
			runOnlyForDeploymentPostprocessing = 0;
			shellPath = /bin/sh;
			shellScript = "\"${PODS_ROOT}/Target Support Files/Pods-Fit/Pods-Fit-frameworks.sh\"\n";
			showEnvVarsInLog = 0;
		};
		6146CAA458CC130323DB2CC7 /* [CP] Check Pods Manifest.lock */ = {
			isa = PBXShellScriptBuildPhase;
			buildActionMask = 2147483647;
			files = (
			);
			inputFileListPaths = (
			);
			inputPaths = (
				"${PODS_PODFILE_DIR_PATH}/Podfile.lock",
				"${PODS_ROOT}/Manifest.lock",
			);
			name = "[CP] Check Pods Manifest.lock";
			outputFileListPaths = (
			);
			outputPaths = (
				"$(DERIVED_FILE_DIR)/Pods-Fit-checkManifestLockResult.txt",
			);
			runOnlyForDeploymentPostprocessing = 0;
			shellPath = /bin/sh;
			shellScript = "diff \"${PODS_PODFILE_DIR_PATH}/Podfile.lock\" \"${PODS_ROOT}/Manifest.lock\" > /dev/null\nif [ $? != 0 ] ; then\n    # print error to STDERR\n    echo \"error: The sandbox is not in sync with the Podfile.lock. Run 'pod install' or update your CocoaPods installation.\" >&2\n    exit 1\nfi\n# This output is used by Xcode 'outputs' to avoid re-running this script phase.\necho \"SUCCESS\" > \"${SCRIPT_OUTPUT_FILE_0}\"\n";
			showEnvVarsInLog = 0;
		};
/* End PBXShellScriptBuildPhase section */

/* Begin PBXSourcesBuildPhase section */
		2ADA752D262A3A3900A41AC1 /* Sources */ = {
			isa = PBXSourcesBuildPhase;
			buildActionMask = 2147483647;
			files = (
				051B80F226527F5D0013C305 /* WeightViewController.swift in Sources */,
				05F54030265D2A370041E6FC /* TrainingController.swift in Sources */,
				2ADA7539262A3A3A00A41AC1 /* WelcomeView.swift in Sources */,
				05ECFFA2264E24D5009F58CE /* DietController.swift in Sources */,
				2A364873263237680035D694 /* RegisterView.swift in Sources */,
				2A364870263233F90035D694 /* LogInView.swift in Sources */,
				2A16E491263575AF00CA6E0C /* TabBarScene.swift in Sources */,
				05B883D626595B5000FE6CCC /* RoundButton.swift in Sources */,
				050FA6CE264443C000917965 /* Constants.swift in Sources */,
				2ADA7535262A3A3A00A41AC1 /* AppDelegate.swift in Sources */,
				2ADA7537262A3A3A00A41AC1 /* SceneDelegate.swift in Sources */,
			);
			runOnlyForDeploymentPostprocessing = 0;
		};
/* End PBXSourcesBuildPhase section */

/* Begin PBXVariantGroup section */
		2ADA753A262A3A3A00A41AC1 /* Main.storyboard */ = {
			isa = PBXVariantGroup;
			children = (
				2ADA753B262A3A3A00A41AC1 /* Base */,
			);
			name = Main.storyboard;
			sourceTree = "<group>";
		};
		2ADA753F262A3A3C00A41AC1 /* LaunchScreen.storyboard */ = {
			isa = PBXVariantGroup;
			children = (
				2ADA7540262A3A3C00A41AC1 /* Base */,
			);
			name = LaunchScreen.storyboard;
			sourceTree = "<group>";
		};
/* End PBXVariantGroup section */

/* Begin XCBuildConfiguration section */
		2ADA7543262A3A3C00A41AC1 /* Debug */ = {
			isa = XCBuildConfiguration;
			buildSettings = {
				ALWAYS_SEARCH_USER_PATHS = NO;
				CLANG_ANALYZER_NONNULL = YES;
				CLANG_ANALYZER_NUMBER_OBJECT_CONVERSION = YES_AGGRESSIVE;
				CLANG_CXX_LANGUAGE_STANDARD = "gnu++14";
				CLANG_CXX_LIBRARY = "libc++";
				CLANG_ENABLE_MODULES = YES;
				CLANG_ENABLE_OBJC_ARC = YES;
				CLANG_ENABLE_OBJC_WEAK = YES;
				CLANG_WARN_BLOCK_CAPTURE_AUTORELEASING = YES;
				CLANG_WARN_BOOL_CONVERSION = YES;
				CLANG_WARN_COMMA = YES;
				CLANG_WARN_CONSTANT_CONVERSION = YES;
				CLANG_WARN_DEPRECATED_OBJC_IMPLEMENTATIONS = YES;
				CLANG_WARN_DIRECT_OBJC_ISA_USAGE = YES_ERROR;
				CLANG_WARN_DOCUMENTATION_COMMENTS = YES;
				CLANG_WARN_EMPTY_BODY = YES;
				CLANG_WARN_ENUM_CONVERSION = YES;
				CLANG_WARN_INFINITE_RECURSION = YES;
				CLANG_WARN_INT_CONVERSION = YES;
				CLANG_WARN_NON_LITERAL_NULL_CONVERSION = YES;
				CLANG_WARN_OBJC_IMPLICIT_RETAIN_SELF = YES;
				CLANG_WARN_OBJC_LITERAL_CONVERSION = YES;
				CLANG_WARN_OBJC_ROOT_CLASS = YES_ERROR;
				CLANG_WARN_RANGE_LOOP_ANALYSIS = YES;
				CLANG_WARN_STRICT_PROTOTYPES = YES;
				CLANG_WARN_SUSPICIOUS_MOVE = YES;
				CLANG_WARN_UNGUARDED_AVAILABILITY = YES_AGGRESSIVE;
				CLANG_WARN_UNREACHABLE_CODE = YES;
				CLANG_WARN__DUPLICATE_METHOD_MATCH = YES;
				COPY_PHASE_STRIP = NO;
				DEBUG_INFORMATION_FORMAT = dwarf;
				ENABLE_STRICT_OBJC_MSGSEND = YES;
				ENABLE_TESTABILITY = YES;
				GCC_C_LANGUAGE_STANDARD = gnu11;
				GCC_DYNAMIC_NO_PIC = NO;
				GCC_NO_COMMON_BLOCKS = YES;
				GCC_OPTIMIZATION_LEVEL = 0;
				GCC_PREPROCESSOR_DEFINITIONS = (
					"DEBUG=1",
					"$(inherited)",
				);
				GCC_WARN_64_TO_32_BIT_CONVERSION = YES;
				GCC_WARN_ABOUT_RETURN_TYPE = YES_ERROR;
				GCC_WARN_UNDECLARED_SELECTOR = YES;
				GCC_WARN_UNINITIALIZED_AUTOS = YES_AGGRESSIVE;
				GCC_WARN_UNUSED_FUNCTION = YES;
				GCC_WARN_UNUSED_VARIABLE = YES;
				IPHONEOS_DEPLOYMENT_TARGET = 13.7;
				MTL_ENABLE_DEBUG_INFO = INCLUDE_SOURCE;
				MTL_FAST_MATH = YES;
				ONLY_ACTIVE_ARCH = YES;
				SDKROOT = iphoneos;
				SWIFT_ACTIVE_COMPILATION_CONDITIONS = DEBUG;
				SWIFT_OPTIMIZATION_LEVEL = "-Onone";
			};
			name = Debug;
		};
		2ADA7544262A3A3C00A41AC1 /* Release */ = {
			isa = XCBuildConfiguration;
			buildSettings = {
				ALWAYS_SEARCH_USER_PATHS = NO;
				CLANG_ANALYZER_NONNULL = YES;
				CLANG_ANALYZER_NUMBER_OBJECT_CONVERSION = YES_AGGRESSIVE;
				CLANG_CXX_LANGUAGE_STANDARD = "gnu++14";
				CLANG_CXX_LIBRARY = "libc++";
				CLANG_ENABLE_MODULES = YES;
				CLANG_ENABLE_OBJC_ARC = YES;
				CLANG_ENABLE_OBJC_WEAK = YES;
				CLANG_WARN_BLOCK_CAPTURE_AUTORELEASING = YES;
				CLANG_WARN_BOOL_CONVERSION = YES;
				CLANG_WARN_COMMA = YES;
				CLANG_WARN_CONSTANT_CONVERSION = YES;
				CLANG_WARN_DEPRECATED_OBJC_IMPLEMENTATIONS = YES;
				CLANG_WARN_DIRECT_OBJC_ISA_USAGE = YES_ERROR;
				CLANG_WARN_DOCUMENTATION_COMMENTS = YES;
				CLANG_WARN_EMPTY_BODY = YES;
				CLANG_WARN_ENUM_CONVERSION = YES;
				CLANG_WARN_INFINITE_RECURSION = YES;
				CLANG_WARN_INT_CONVERSION = YES;
				CLANG_WARN_NON_LITERAL_NULL_CONVERSION = YES;
				CLANG_WARN_OBJC_IMPLICIT_RETAIN_SELF = YES;
				CLANG_WARN_OBJC_LITERAL_CONVERSION = YES;
				CLANG_WARN_OBJC_ROOT_CLASS = YES_ERROR;
				CLANG_WARN_RANGE_LOOP_ANALYSIS = YES;
				CLANG_WARN_STRICT_PROTOTYPES = YES;
				CLANG_WARN_SUSPICIOUS_MOVE = YES;
				CLANG_WARN_UNGUARDED_AVAILABILITY = YES_AGGRESSIVE;
				CLANG_WARN_UNREACHABLE_CODE = YES;
				CLANG_WARN__DUPLICATE_METHOD_MATCH = YES;
				COPY_PHASE_STRIP = NO;
				DEBUG_INFORMATION_FORMAT = "dwarf-with-dsym";
				ENABLE_NS_ASSERTIONS = NO;
				ENABLE_STRICT_OBJC_MSGSEND = YES;
				GCC_C_LANGUAGE_STANDARD = gnu11;
				GCC_NO_COMMON_BLOCKS = YES;
				GCC_WARN_64_TO_32_BIT_CONVERSION = YES;
				GCC_WARN_ABOUT_RETURN_TYPE = YES_ERROR;
				GCC_WARN_UNDECLARED_SELECTOR = YES;
				GCC_WARN_UNINITIALIZED_AUTOS = YES_AGGRESSIVE;
				GCC_WARN_UNUSED_FUNCTION = YES;
				GCC_WARN_UNUSED_VARIABLE = YES;
				IPHONEOS_DEPLOYMENT_TARGET = 13.7;
				MTL_ENABLE_DEBUG_INFO = NO;
				MTL_FAST_MATH = YES;
				SDKROOT = iphoneos;
				SWIFT_COMPILATION_MODE = wholemodule;
				SWIFT_OPTIMIZATION_LEVEL = "-O";
				VALIDATE_PRODUCT = YES;
			};
			name = Release;
		};
		2ADA7546262A3A3C00A41AC1 /* Debug */ = {
			isa = XCBuildConfiguration;
			baseConfigurationReference = 58E39FC0C6B46BF2FFF03A1D /* Pods-Fit.debug.xcconfig */;
			buildSettings = {
				ASSETCATALOG_COMPILER_APPICON_NAME = AppIcon;
				CODE_SIGN_STYLE = Automatic;
				DEVELOPMENT_TEAM = 26HTZ756V8;
				INFOPLIST_FILE = Fit/Info.plist;
				LD_RUNPATH_SEARCH_PATHS = (
					"$(inherited)",
					"@executable_path/Frameworks",
				);
				PRODUCT_BUNDLE_IDENTIFIER = com.jafar.Fit;
				PRODUCT_NAME = "$(TARGET_NAME)";
				SWIFT_VERSION = 5.0;
				TARGETED_DEVICE_FAMILY = "1,2";
			};
			name = Debug;
		};
		2ADA7547262A3A3C00A41AC1 /* Release */ = {
			isa = XCBuildConfiguration;
			baseConfigurationReference = 7A86419F2506A5D028703140 /* Pods-Fit.release.xcconfig */;
			buildSettings = {
				ASSETCATALOG_COMPILER_APPICON_NAME = AppIcon;
				CODE_SIGN_STYLE = Automatic;
				DEVELOPMENT_TEAM = 26HTZ756V8;
				INFOPLIST_FILE = Fit/Info.plist;
				LD_RUNPATH_SEARCH_PATHS = (
					"$(inherited)",
					"@executable_path/Frameworks",
				);
				PRODUCT_BUNDLE_IDENTIFIER = com.jafar.Fit;
				PRODUCT_NAME = "$(TARGET_NAME)";
				SWIFT_VERSION = 5.0;
				TARGETED_DEVICE_FAMILY = "1,2";
			};
			name = Release;
		};
/* End XCBuildConfiguration section */

/* Begin XCConfigurationList section */
		2ADA752C262A3A3900A41AC1 /* Build configuration list for PBXProject "Fit" */ = {
			isa = XCConfigurationList;
			buildConfigurations = (
				2ADA7543262A3A3C00A41AC1 /* Debug */,
				2ADA7544262A3A3C00A41AC1 /* Release */,
			);
			defaultConfigurationIsVisible = 0;
			defaultConfigurationName = Release;
		};
		2ADA7545262A3A3C00A41AC1 /* Build configuration list for PBXNativeTarget "Fit" */ = {
			isa = XCConfigurationList;
			buildConfigurations = (
				2ADA7546262A3A3C00A41AC1 /* Debug */,
				2ADA7547262A3A3C00A41AC1 /* Release */,
			);
			defaultConfigurationIsVisible = 0;
			defaultConfigurationName = Release;
		};
/* End XCConfigurationList section */
	};
	rootObject = 2ADA7529262A3A3900A41AC1 /* Project object */;
}
